
Microsoft Visual Studio Solution File, Format Version 12.00
# Visual Studio Version 16
VisualStudioVersion = 16.0.29326.143
MinimumVisualStudioVersion = 10.0.40219.1
Project("{FAE04EC0-301F-11D3-BF4B-00C04F79EFBC}") = "EntradaDeDados", "EntradaDeDados\EntradaDeDados.csproj", "{B246A1A7-3576-49BE-92AB-F34B294DF7E1}"
EndProject
Project("{FAE04EC0-301F-11D3-BF4B-00C04F79EFBC}") = "ExercicioDeFixação", "ExercicioDeFixação\ExercicioDeFixação.csproj", "{033DF703-2E1C-4EE4-ACA0-EB5036A79138}"
EndProject
Project("{FAE04EC0-301F-11D3-BF4B-00C04F79EFBC}") = "OperadoresDeAtribuição", "OperadoresDeAtribuição\OperadoresDeAtribuição.csproj", "{26F485F4-FD31-4FCD-AE7B-E391D4798825}"
EndProject
Project("{FAE04EC0-301F-11D3-BF4B-00C04F79EFBC}") = "EntradaDeDadosComVetor", "EntradaDeDadosComVetor\EntradaDeDadosComVetor.csproj", "{E80E4CAB-314B-40DA-AA6E-6145FD6B81F5}"
EndProject
Project("{FAE04EC0-301F-11D3-BF4B-00C04F79EFBC}") = "EntradaDeDadosPart2", "EntradaDeDadosPart2\EntradaDeDadosPart2.csproj", "{162E3B05-42BC-4BE5-BAD8-4C784C3A6456}"
EndProject
Project("{FAE04EC0-301F-11D3-BF4B-00C04F79EFBC}") = "Ex01EntradaDeDados", "Ex01EntradaDeDados\Ex01EntradaDeDados.csproj", "{1FA8CFB7-FA3D-4FF3-8534-806AF75E1E18}"
EndProject
Project("{FAE04EC0-301F-11D3-BF4B-00C04F79EFBC}") = "ExEstrtuturaCondicionalifElse", "ExEstrtuturaCondicionalifElse\ExEstrtuturaCondicionalifElse.csproj", "{2DB35107-8D05-4B9A-A98A-3FF7B456469B}"
EndProject
Project("{FAE04EC0-301F-11D3-BF4B-00C04F79EFBC}") = "Funções", "Funções\Funções.csproj", "{DF032FC9-5F96-489F-8CDF-DD004FBD9367}"
EndProject
Project("{FAE04EC0-301F-11D3-BF4B-00C04F79EFBC}") = "EstruturaDeRepeticaoWhile01", "EstruturaDeRepeticaoWhile01\EstruturaDeRepeticaoWhile01.csproj", "{168FDFAB-DF4E-4714-AE5F-366B9BD92C19}"
EndProject
Project("{FAE04EC0-301F-11D3-BF4B-00C04F79EFBC}") = "EstruturaDeControleFor01", "EstruturaDeControleFor01\EstruturaDeControleFor01.csproj", "{C45D4D7F-0557-4B6A-999F-FAF026409D19}"
EndProject
Project("{FAE04EC0-301F-11D3-BF4B-00C04F79EFBC}") = "EstruturaDeControleForExercicio01", "EstruturaDeControleForExercicio01\EstruturaDeControleForExercicio01.csproj", "{5C6597F1-4A37-4833-BD4E-354D4D4BF1B9}"
EndProject
Project("{FAE04EC0-301F-11D3-BF4B-00C04F79EFBC}") = "EstruturaDeRepeticaoForExercicio02", "EstruturaDeRepeticaoForExercicio02\EstruturaDeRepeticaoForExercicio02.csproj", "{CBD53E07-94A5-4021-A6AB-EE87C1CEF806}"
EndProject
Project("{FAE04EC0-301F-11D3-BF4B-00C04F79EFBC}") = "Ex39ClasseMetodosAtributosExemplo01", "Ex39ClasseMetodosAtributosExemplo01\Ex39ClasseMetodosAtributosExemplo01.csproj", "{B5284EA6-BD5E-4317-93BD-8765DAE54E9F}"
EndProject
Project("{FAE04EC0-301F-11D3-BF4B-00C04F79EFBC}") = "Exercicio01IdadePessoa", "Exercicio01IdadePessoa\Exercicio01IdadePessoa.csproj", "{F18E16FD-98CA-4FEA-85B0-38EDA5413811}"
EndProject
Project("{2150E333-8FDC-42A3-9474-1A3956D46DE8}") = "ExerciciosClassAtributos", "ExerciciosClassAtributos", "{AD2D49FF-17EA-4988-B36B-D35581E00501}"
EndProject
Project("{FAE04EC0-301F-11D3-BF4B-00C04F79EFBC}") = "Ex02Funcionario", "Ex02Funcionario\Ex02Funcionario.csproj", "{3B301B6B-0C8E-42A4-A5A1-A9C9DCE954CD}"
EndProject
Project("{FAE04EC0-301F-11D3-BF4B-00C04F79EFBC}") = "Ex39ClasseMetodosAtributosExemploPlatico", "Ex39ClasseMetodosAtributosExemploPlatico\Ex39ClasseMetodosAtributosExemploPlatico.csproj", "{5A532A77-25CB-4010-BAE4-9024DF63770E}"
EndProject
Project("{FAE04EC0-301F-11D3-BF4B-00C04F79EFBC}") = "ExCursoProdutoCrud", "ExCursoProdutoCrud\ExCursoProdutoCrud.csproj", "{E5DB6551-E0B2-4E29-AAFB-E7ADD3840189}"
EndProject
Project("{2150E333-8FDC-42A3-9474-1A3956D46DE8}") = "ExerciciosMenbrosEstáticos", "ExerciciosMenbrosEstáticos", "{0FADFF0B-65E2-4374-B545-41E14BE4650C}"
EndProject
Project("{FAE04EC0-301F-11D3-BF4B-00C04F79EFBC}") = "ExCotacaoMoedaMenbroEstatico", "ExCotacaoMoedaMenbroEstatico\ExCotacaoMoedaMenbroEstatico.csproj", "{54F888E6-8E42-48F9-B982-734A098FAFBB}"
EndProject
Project("{FAE04EC0-301F-11D3-BF4B-00C04F79EFBC}") = "ProjetoExercicioInformacaoesDeProdut", "ProjetoExercicioInformacaoesDeProdut\ProjetoExercicioInformacaoesDeProdut.csproj", "{4845C485-AC9B-41B6-8051-DA36236EA49F}"
EndProject
Project("{2150E333-8FDC-42A3-9474-1A3956D46DE8}") = "ExercicioVetor(ValorStruckClass)", "ExercicioVetor(ValorStruckClass)", "{5542FEC2-F5ED-4829-8032-FA5FAA2CD06F}"
EndProject
Project("{2150E333-8FDC-42A3-9474-1A3956D46DE8}") = "ExercicioVetorParte2", "ExercicioVetorParte2", "{9BBF03F0-E8DF-496B-B444-D62DF4B8F518}"
EndProject
Project("{FAE04EC0-301F-11D3-BF4B-00C04F79EFBC}") = "VetoresDeTipoReferenciaClass", "VetoresDeTipoReferenciaClass\VetoresDeTipoReferenciaClass.csproj", "{5A0925DB-225D-4AFC-99A6-A47996AE182F}"
EndProject
Project("{2150E333-8FDC-42A3-9474-1A3956D46DE8}") = "VetorComModificadorDeParametrosParams", "VetorComModificadorDeParametrosParams", "{83CA7E35-5970-4253-9253-7F675DBA3A34}"
EndProject
Project("{FAE04EC0-301F-11D3-BF4B-00C04F79EFBC}") = "ModificadorDeParametrosParams", "ModificadorDeParametrosParams\ModificadorDeParametrosParams.csproj", "{AF9F24E2-67E7-4B44-ABBF-73A872829E2F}"
EndProject
Project("{2150E333-8FDC-42A3-9474-1A3956D46DE8}") = "ExercicioMatrizes", "ExercicioMatrizes", "{ADD1A58F-B326-4639-8975-CCE7F83032B4}"
EndProject
Project("{2150E333-8FDC-42A3-9474-1A3956D46DE8}") = "Video79", "Video79", "{2512BD23-6E41-43EC-8A46-1CE10A314220}"
EndProject
Project("{FAE04EC0-301F-11D3-BF4B-00C04F79EFBC}") = "Ex01MatrizesVideo79", "Ex01MatrizesVideo79\Ex01MatrizesVideo79.csproj", "{A60BA35D-ADF9-47A8-B85F-35CF0B5323B4}"
EndProject
Project("{2150E333-8FDC-42A3-9474-1A3956D46DE8}") = "Video80", "Video80", "{B0F1C6CD-CC76-4896-B4C7-B86457C46FB0}"
EndProject
Project("{FAE04EC0-301F-11D3-BF4B-00C04F79EFBC}") = "ExResolvidoMatriz", "ExResolvidoMatriz\ExResolvidoMatriz.csproj", "{BFA6CF05-1974-46EF-9AC7-2D26BCC16408}"
EndProject
Project("{2150E333-8FDC-42A3-9474-1A3956D46DE8}") = "Conjustos", "Conjustos", "{29B13229-0F17-462C-9279-A173EBF7C8CD}"
EndProject
Project("{FAE04EC0-301F-11D3-BF4B-00C04F79EFBC}") = "ExConjunto01", "ExConjunto01\ExConjunto01.csproj", "{4D963C92-333C-4C04-A57A-DDE75C7E26B9}"
EndProject
Project("{2150E333-8FDC-42A3-9474-1A3956D46DE8}") = "switch-case", "switch-case", "{5B7691DE-04DF-4C53-9D5E-99F46A4EA038}"
EndProject
Project("{FAE04EC0-301F-11D3-BF4B-00C04F79EFBC}") = "ExSwitchCase01", "ExSwitchCase01\ExSwitchCase01.csproj", "{6CD51E84-2AF9-4932-8E1A-8C3CB0620A46}"
EndProject
Project("{2150E333-8FDC-42A3-9474-1A3956D46DE8}") = "ExpressãoCondcionalTernária", "ExpressãoCondcionalTernária", "{4A4DD9A3-2F65-4850-BAC7-B46E452CAE30}"
EndProject
Project("{FAE04EC0-301F-11D3-BF4B-00C04F79EFBC}") = "ExpressãoTernaria01", "ExpressãoTernaria01\ExpressãoTernaria01.csproj", "{498BFB0E-F871-45DA-BEC4-DCFAA9BE5EAC}"
EndProject
Project("{2150E333-8FDC-42A3-9474-1A3956D46DE8}") = "FuncoesDeManipulacaoDeString", "FuncoesDeManipulacaoDeString", "{1B8342BF-5A69-4832-9E45-9AC850707771}"
EndProject
Project("{FAE04EC0-301F-11D3-BF4B-00C04F79EFBC}") = "FuncoesParaManipulacaoString", "FuncoesParaManipulacaoString\FuncoesParaManipulacaoString.csproj", "{FFEABD0E-2C80-4098-8DF9-0AA029DDED6F}"
EndProject
Project("{2150E333-8FDC-42A3-9474-1A3956D46DE8}") = "DateTime-Data e hora", "DateTime-Data e hora", "{6E62F91E-A9FB-4A3C-9AA6-538DBA36773A}"
EndProject
Project("{FAE04EC0-301F-11D3-BF4B-00C04F79EFBC}") = "DateTime", "DateTime\DateTime.csproj", "{2E177328-EB00-480A-B534-9F521C6F43D0}"
EndProject
Project("{FAE04EC0-301F-11D3-BF4B-00C04F79EFBC}") = "TimeSpan", "TimeSpan\TimeSpan.csproj", "{C293E75E-E39C-401F-A911-D4174F394F13}"
EndProject
Project("{2150E333-8FDC-42A3-9474-1A3956D46DE8}") = "PropriedadeDateTime", "PropriedadeDateTime", "{77FFADB6-FF8A-434A-8DBF-8E97144DCCE5}"
EndProject
Project("{FAE04EC0-301F-11D3-BF4B-00C04F79EFBC}") = "DateTimePropriedades", "DateTimePropriedades\DateTimePropriedades.csproj", "{E5B85D15-F39E-4C57-8010-10CBD89461EC}"
EndProject
Project("{2150E333-8FDC-42A3-9474-1A3956D46DE8}") = "PropriedadeTimeSpan", "PropriedadeTimeSpan", "{00DE42D6-A56E-4143-B12A-061C86354662}"
EndProject
Project("{FAE04EC0-301F-11D3-BF4B-00C04F79EFBC}") = "FirstTimeSpan", "FirstTimeSpan\FirstTimeSpan.csproj", "{4A6F8988-E48C-4250-8C59-778024F096B8}"
EndProject
Global
	GlobalSection(SolutionConfigurationPlatforms) = preSolution
		Debug|Any CPU = Debug|Any CPU
		Release|Any CPU = Release|Any CPU
	EndGlobalSection
	GlobalSection(ProjectConfigurationPlatforms) = postSolution
		{B246A1A7-3576-49BE-92AB-F34B294DF7E1}.Debug|Any CPU.ActiveCfg = Debug|Any CPU
		{B246A1A7-3576-49BE-92AB-F34B294DF7E1}.Debug|Any CPU.Build.0 = Debug|Any CPU
		{B246A1A7-3576-49BE-92AB-F34B294DF7E1}.Release|Any CPU.ActiveCfg = Release|Any CPU
		{B246A1A7-3576-49BE-92AB-F34B294DF7E1}.Release|Any CPU.Build.0 = Release|Any CPU
		{033DF703-2E1C-4EE4-ACA0-EB5036A79138}.Debug|Any CPU.ActiveCfg = Debug|Any CPU
		{033DF703-2E1C-4EE4-ACA0-EB5036A79138}.Debug|Any CPU.Build.0 = Debug|Any CPU
		{033DF703-2E1C-4EE4-ACA0-EB5036A79138}.Release|Any CPU.ActiveCfg = Release|Any CPU
		{033DF703-2E1C-4EE4-ACA0-EB5036A79138}.Release|Any CPU.Build.0 = Release|Any CPU
		{26F485F4-FD31-4FCD-AE7B-E391D4798825}.Debug|Any CPU.ActiveCfg = Debug|Any CPU
		{26F485F4-FD31-4FCD-AE7B-E391D4798825}.Debug|Any CPU.Build.0 = Debug|Any CPU
		{26F485F4-FD31-4FCD-AE7B-E391D4798825}.Release|Any CPU.ActiveCfg = Release|Any CPU
		{26F485F4-FD31-4FCD-AE7B-E391D4798825}.Release|Any CPU.Build.0 = Release|Any CPU
		{E80E4CAB-314B-40DA-AA6E-6145FD6B81F5}.Debug|Any CPU.ActiveCfg = Debug|Any CPU
		{E80E4CAB-314B-40DA-AA6E-6145FD6B81F5}.Debug|Any CPU.Build.0 = Debug|Any CPU
		{E80E4CAB-314B-40DA-AA6E-6145FD6B81F5}.Release|Any CPU.ActiveCfg = Release|Any CPU
		{E80E4CAB-314B-40DA-AA6E-6145FD6B81F5}.Release|Any CPU.Build.0 = Release|Any CPU
		{162E3B05-42BC-4BE5-BAD8-4C784C3A6456}.Debug|Any CPU.ActiveCfg = Debug|Any CPU
		{162E3B05-42BC-4BE5-BAD8-4C784C3A6456}.Debug|Any CPU.Build.0 = Debug|Any CPU
		{162E3B05-42BC-4BE5-BAD8-4C784C3A6456}.Release|Any CPU.ActiveCfg = Release|Any CPU
		{162E3B05-42BC-4BE5-BAD8-4C784C3A6456}.Release|Any CPU.Build.0 = Release|Any CPU
		{1FA8CFB7-FA3D-4FF3-8534-806AF75E1E18}.Debug|Any CPU.ActiveCfg = Debug|Any CPU
		{1FA8CFB7-FA3D-4FF3-8534-806AF75E1E18}.Debug|Any CPU.Build.0 = Debug|Any CPU
		{1FA8CFB7-FA3D-4FF3-8534-806AF75E1E18}.Release|Any CPU.ActiveCfg = Release|Any CPU
		{1FA8CFB7-FA3D-4FF3-8534-806AF75E1E18}.Release|Any CPU.Build.0 = Release|Any CPU
		{2DB35107-8D05-4B9A-A98A-3FF7B456469B}.Debug|Any CPU.ActiveCfg = Debug|Any CPU
		{2DB35107-8D05-4B9A-A98A-3FF7B456469B}.Debug|Any CPU.Build.0 = Debug|Any CPU
		{2DB35107-8D05-4B9A-A98A-3FF7B456469B}.Release|Any CPU.ActiveCfg = Release|Any CPU
		{2DB35107-8D05-4B9A-A98A-3FF7B456469B}.Release|Any CPU.Build.0 = Release|Any CPU
		{DF032FC9-5F96-489F-8CDF-DD004FBD9367}.Debug|Any CPU.ActiveCfg = Debug|Any CPU
		{DF032FC9-5F96-489F-8CDF-DD004FBD9367}.Debug|Any CPU.Build.0 = Debug|Any CPU
		{DF032FC9-5F96-489F-8CDF-DD004FBD9367}.Release|Any CPU.ActiveCfg = Release|Any CPU
		{DF032FC9-5F96-489F-8CDF-DD004FBD9367}.Release|Any CPU.Build.0 = Release|Any CPU
		{168FDFAB-DF4E-4714-AE5F-366B9BD92C19}.Debug|Any CPU.ActiveCfg = Debug|Any CPU
		{168FDFAB-DF4E-4714-AE5F-366B9BD92C19}.Debug|Any CPU.Build.0 = Debug|Any CPU
		{168FDFAB-DF4E-4714-AE5F-366B9BD92C19}.Release|Any CPU.ActiveCfg = Release|Any CPU
		{168FDFAB-DF4E-4714-AE5F-366B9BD92C19}.Release|Any CPU.Build.0 = Release|Any CPU
		{C45D4D7F-0557-4B6A-999F-FAF026409D19}.Debug|Any CPU.ActiveCfg = Debug|Any CPU
		{C45D4D7F-0557-4B6A-999F-FAF026409D19}.Debug|Any CPU.Build.0 = Debug|Any CPU
		{C45D4D7F-0557-4B6A-999F-FAF026409D19}.Release|Any CPU.ActiveCfg = Release|Any CPU
		{C45D4D7F-0557-4B6A-999F-FAF026409D19}.Release|Any CPU.Build.0 = Release|Any CPU
		{5C6597F1-4A37-4833-BD4E-354D4D4BF1B9}.Debug|Any CPU.ActiveCfg = Debug|Any CPU
		{5C6597F1-4A37-4833-BD4E-354D4D4BF1B9}.Debug|Any CPU.Build.0 = Debug|Any CPU
		{5C6597F1-4A37-4833-BD4E-354D4D4BF1B9}.Release|Any CPU.ActiveCfg = Release|Any CPU
		{5C6597F1-4A37-4833-BD4E-354D4D4BF1B9}.Release|Any CPU.Build.0 = Release|Any CPU
		{CBD53E07-94A5-4021-A6AB-EE87C1CEF806}.Debug|Any CPU.ActiveCfg = Debug|Any CPU
		{CBD53E07-94A5-4021-A6AB-EE87C1CEF806}.Debug|Any CPU.Build.0 = Debug|Any CPU
		{CBD53E07-94A5-4021-A6AB-EE87C1CEF806}.Release|Any CPU.ActiveCfg = Release|Any CPU
		{CBD53E07-94A5-4021-A6AB-EE87C1CEF806}.Release|Any CPU.Build.0 = Release|Any CPU
		{B5284EA6-BD5E-4317-93BD-8765DAE54E9F}.Debug|Any CPU.ActiveCfg = Debug|Any CPU
		{B5284EA6-BD5E-4317-93BD-8765DAE54E9F}.Debug|Any CPU.Build.0 = Debug|Any CPU
		{B5284EA6-BD5E-4317-93BD-8765DAE54E9F}.Release|Any CPU.ActiveCfg = Release|Any CPU
		{B5284EA6-BD5E-4317-93BD-8765DAE54E9F}.Release|Any CPU.Build.0 = Release|Any CPU
		{F18E16FD-98CA-4FEA-85B0-38EDA5413811}.Debug|Any CPU.ActiveCfg = Debug|Any CPU
		{F18E16FD-98CA-4FEA-85B0-38EDA5413811}.Debug|Any CPU.Build.0 = Debug|Any CPU
		{F18E16FD-98CA-4FEA-85B0-38EDA5413811}.Release|Any CPU.ActiveCfg = Release|Any CPU
		{F18E16FD-98CA-4FEA-85B0-38EDA5413811}.Release|Any CPU.Build.0 = Release|Any CPU
		{3B301B6B-0C8E-42A4-A5A1-A9C9DCE954CD}.Debug|Any CPU.ActiveCfg = Debug|Any CPU
		{3B301B6B-0C8E-42A4-A5A1-A9C9DCE954CD}.Debug|Any CPU.Build.0 = Debug|Any CPU
		{3B301B6B-0C8E-42A4-A5A1-A9C9DCE954CD}.Release|Any CPU.ActiveCfg = Release|Any CPU
		{3B301B6B-0C8E-42A4-A5A1-A9C9DCE954CD}.Release|Any CPU.Build.0 = Release|Any CPU
		{5A532A77-25CB-4010-BAE4-9024DF63770E}.Debug|Any CPU.ActiveCfg = Debug|Any CPU
		{5A532A77-25CB-4010-BAE4-9024DF63770E}.Debug|Any CPU.Build.0 = Debug|Any CPU
		{5A532A77-25CB-4010-BAE4-9024DF63770E}.Release|Any CPU.ActiveCfg = Release|Any CPU
		{5A532A77-25CB-4010-BAE4-9024DF63770E}.Release|Any CPU.Build.0 = Release|Any CPU
		{E5DB6551-E0B2-4E29-AAFB-E7ADD3840189}.Debug|Any CPU.ActiveCfg = Debug|Any CPU
		{E5DB6551-E0B2-4E29-AAFB-E7ADD3840189}.Debug|Any CPU.Build.0 = Debug|Any CPU
		{E5DB6551-E0B2-4E29-AAFB-E7ADD3840189}.Release|Any CPU.ActiveCfg = Release|Any CPU
		{E5DB6551-E0B2-4E29-AAFB-E7ADD3840189}.Release|Any CPU.Build.0 = Release|Any CPU
		{54F888E6-8E42-48F9-B982-734A098FAFBB}.Debug|Any CPU.ActiveCfg = Debug|Any CPU
		{54F888E6-8E42-48F9-B982-734A098FAFBB}.Debug|Any CPU.Build.0 = Debug|Any CPU
		{54F888E6-8E42-48F9-B982-734A098FAFBB}.Release|Any CPU.ActiveCfg = Release|Any CPU
		{54F888E6-8E42-48F9-B982-734A098FAFBB}.Release|Any CPU.Build.0 = Release|Any CPU
		{4845C485-AC9B-41B6-8051-DA36236EA49F}.Debug|Any CPU.ActiveCfg = Debug|Any CPU
		{4845C485-AC9B-41B6-8051-DA36236EA49F}.Debug|Any CPU.Build.0 = Debug|Any CPU
		{4845C485-AC9B-41B6-8051-DA36236EA49F}.Release|Any CPU.ActiveCfg = Release|Any CPU
		{4845C485-AC9B-41B6-8051-DA36236EA49F}.Release|Any CPU.Build.0 = Release|Any CPU
		{5A0925DB-225D-4AFC-99A6-A47996AE182F}.Debug|Any CPU.ActiveCfg = Debug|Any CPU
		{5A0925DB-225D-4AFC-99A6-A47996AE182F}.Debug|Any CPU.Build.0 = Debug|Any CPU
		{5A0925DB-225D-4AFC-99A6-A47996AE182F}.Release|Any CPU.ActiveCfg = Release|Any CPU
		{5A0925DB-225D-4AFC-99A6-A47996AE182F}.Release|Any CPU.Build.0 = Release|Any CPU
		{AF9F24E2-67E7-4B44-ABBF-73A872829E2F}.Debug|Any CPU.ActiveCfg = Debug|Any CPU
		{AF9F24E2-67E7-4B44-ABBF-73A872829E2F}.Debug|Any CPU.Build.0 = Debug|Any CPU
		{AF9F24E2-67E7-4B44-ABBF-73A872829E2F}.Release|Any CPU.ActiveCfg = Release|Any CPU
		{AF9F24E2-67E7-4B44-ABBF-73A872829E2F}.Release|Any CPU.Build.0 = Release|Any CPU
		{A60BA35D-ADF9-47A8-B85F-35CF0B5323B4}.Debug|Any CPU.ActiveCfg = Debug|Any CPU
		{A60BA35D-ADF9-47A8-B85F-35CF0B5323B4}.Debug|Any CPU.Build.0 = Debug|Any CPU
		{A60BA35D-ADF9-47A8-B85F-35CF0B5323B4}.Release|Any CPU.ActiveCfg = Release|Any CPU
		{A60BA35D-ADF9-47A8-B85F-35CF0B5323B4}.Release|Any CPU.Build.0 = Release|Any CPU
		{BFA6CF05-1974-46EF-9AC7-2D26BCC16408}.Debug|Any CPU.ActiveCfg = Debug|Any CPU
		{BFA6CF05-1974-46EF-9AC7-2D26BCC16408}.Debug|Any CPU.Build.0 = Debug|Any CPU
		{BFA6CF05-1974-46EF-9AC7-2D26BCC16408}.Release|Any CPU.ActiveCfg = Release|Any CPU
		{BFA6CF05-1974-46EF-9AC7-2D26BCC16408}.Release|Any CPU.Build.0 = Release|Any CPU
		{4D963C92-333C-4C04-A57A-DDE75C7E26B9}.Debug|Any CPU.ActiveCfg = Debug|Any CPU
		{4D963C92-333C-4C04-A57A-DDE75C7E26B9}.Debug|Any CPU.Build.0 = Debug|Any CPU
		{4D963C92-333C-4C04-A57A-DDE75C7E26B9}.Release|Any CPU.ActiveCfg = Release|Any CPU
		{4D963C92-333C-4C04-A57A-DDE75C7E26B9}.Release|Any CPU.Build.0 = Release|Any CPU
		{6CD51E84-2AF9-4932-8E1A-8C3CB0620A46}.Debug|Any CPU.ActiveCfg = Debug|Any CPU
		{6CD51E84-2AF9-4932-8E1A-8C3CB0620A46}.Debug|Any CPU.Build.0 = Debug|Any CPU
		{6CD51E84-2AF9-4932-8E1A-8C3CB0620A46}.Release|Any CPU.ActiveCfg = Release|Any CPU
		{6CD51E84-2AF9-4932-8E1A-8C3CB0620A46}.Release|Any CPU.Build.0 = Release|Any CPU
		{498BFB0E-F871-45DA-BEC4-DCFAA9BE5EAC}.Debug|Any CPU.ActiveCfg = Debug|Any CPU
		{498BFB0E-F871-45DA-BEC4-DCFAA9BE5EAC}.Debug|Any CPU.Build.0 = Debug|Any CPU
		{498BFB0E-F871-45DA-BEC4-DCFAA9BE5EAC}.Release|Any CPU.ActiveCfg = Release|Any CPU
		{498BFB0E-F871-45DA-BEC4-DCFAA9BE5EAC}.Release|Any CPU.Build.0 = Release|Any CPU
		{FFEABD0E-2C80-4098-8DF9-0AA029DDED6F}.Debug|Any CPU.ActiveCfg = Debug|Any CPU
		{FFEABD0E-2C80-4098-8DF9-0AA029DDED6F}.Debug|Any CPU.Build.0 = Debug|Any CPU
		{FFEABD0E-2C80-4098-8DF9-0AA029DDED6F}.Release|Any CPU.ActiveCfg = Release|Any CPU
		{FFEABD0E-2C80-4098-8DF9-0AA029DDED6F}.Release|Any CPU.Build.0 = Release|Any CPU
		{2E177328-EB00-480A-B534-9F521C6F43D0}.Debug|Any CPU.ActiveCfg = Debug|Any CPU
		{2E177328-EB00-480A-B534-9F521C6F43D0}.Debug|Any CPU.Build.0 = Debug|Any CPU
		{2E177328-EB00-480A-B534-9F521C6F43D0}.Release|Any CPU.ActiveCfg = Release|Any CPU
		{2E177328-EB00-480A-B534-9F521C6F43D0}.Release|Any CPU.Build.0 = Release|Any CPU
		{C293E75E-E39C-401F-A911-D4174F394F13}.Debug|Any CPU.ActiveCfg = Debug|Any CPU
		{C293E75E-E39C-401F-A911-D4174F394F13}.Debug|Any CPU.Build.0 = Debug|Any CPU
		{C293E75E-E39C-401F-A911-D4174F394F13}.Release|Any CPU.ActiveCfg = Release|Any CPU
		{C293E75E-E39C-401F-A911-D4174F394F13}.Release|Any CPU.Build.0 = Release|Any CPU
		{E5B85D15-F39E-4C57-8010-10CBD89461EC}.Debug|Any CPU.ActiveCfg = Debug|Any CPU
		{E5B85D15-F39E-4C57-8010-10CBD89461EC}.Debug|Any CPU.Build.0 = Debug|Any CPU
		{E5B85D15-F39E-4C57-8010-10CBD89461EC}.Release|Any CPU.ActiveCfg = Release|Any CPU
		{E5B85D15-F39E-4C57-8010-10CBD89461EC}.Release|Any CPU.Build.0 = Release|Any CPU
		{4A6F8988-E48C-4250-8C59-778024F096B8}.Debug|Any CPU.ActiveCfg = Debug|Any CPU
		{4A6F8988-E48C-4250-8C59-778024F096B8}.Debug|Any CPU.Build.0 = Debug|Any CPU
		{4A6F8988-E48C-4250-8C59-778024F096B8}.Release|Any CPU.ActiveCfg = Release|Any CPU
		{4A6F8988-E48C-4250-8C59-778024F096B8}.Release|Any CPU.Build.0 = Release|Any CPU
	EndGlobalSection
	GlobalSection(SolutionProperties) = preSolution
		HideSolutionNode = FALSE
	EndGlobalSection
	GlobalSection(NestedProjects) = preSolution
		{B5284EA6-BD5E-4317-93BD-8765DAE54E9F} = {AD2D49FF-17EA-4988-B36B-D35581E00501}
		{F18E16FD-98CA-4FEA-85B0-38EDA5413811} = {AD2D49FF-17EA-4988-B36B-D35581E00501}
		{3B301B6B-0C8E-42A4-A5A1-A9C9DCE954CD} = {AD2D49FF-17EA-4988-B36B-D35581E00501}
		{5A532A77-25CB-4010-BAE4-9024DF63770E} = {AD2D49FF-17EA-4988-B36B-D35581E00501}
		{E5DB6551-E0B2-4E29-AAFB-E7ADD3840189} = {AD2D49FF-17EA-4988-B36B-D35581E00501}
		{54F888E6-8E42-48F9-B982-734A098FAFBB} = {0FADFF0B-65E2-4374-B545-41E14BE4650C}
		{4845C485-AC9B-41B6-8051-DA36236EA49F} = {AD2D49FF-17EA-4988-B36B-D35581E00501}
		{9BBF03F0-E8DF-496B-B444-D62DF4B8F518} = {5542FEC2-F5ED-4829-8032-FA5FAA2CD06F}
		{5A0925DB-225D-4AFC-99A6-A47996AE182F} = {9BBF03F0-E8DF-496B-B444-D62DF4B8F518}
		{83CA7E35-5970-4253-9253-7F675DBA3A34} = {5542FEC2-F5ED-4829-8032-FA5FAA2CD06F}
		{AF9F24E2-67E7-4B44-ABBF-73A872829E2F} = {83CA7E35-5970-4253-9253-7F675DBA3A34}
		{2512BD23-6E41-43EC-8A46-1CE10A314220} = {ADD1A58F-B326-4639-8975-CCE7F83032B4}
		{A60BA35D-ADF9-47A8-B85F-35CF0B5323B4} = {2512BD23-6E41-43EC-8A46-1CE10A314220}
		{B0F1C6CD-CC76-4896-B4C7-B86457C46FB0} = {ADD1A58F-B326-4639-8975-CCE7F83032B4}
		{BFA6CF05-1974-46EF-9AC7-2D26BCC16408} = {B0F1C6CD-CC76-4896-B4C7-B86457C46FB0}
		{4D963C92-333C-4C04-A57A-DDE75C7E26B9} = {29B13229-0F17-462C-9279-A173EBF7C8CD}
		{6CD51E84-2AF9-4932-8E1A-8C3CB0620A46} = {5B7691DE-04DF-4C53-9D5E-99F46A4EA038}
		{498BFB0E-F871-45DA-BEC4-DCFAA9BE5EAC} = {4A4DD9A3-2F65-4850-BAC7-B46E452CAE30}
		{FFEABD0E-2C80-4098-8DF9-0AA029DDED6F} = {1B8342BF-5A69-4832-9E45-9AC850707771}
		{2E177328-EB00-480A-B534-9F521C6F43D0} = {6E62F91E-A9FB-4A3C-9AA6-538DBA36773A}
		{C293E75E-E39C-401F-A911-D4174F394F13} = {6E62F91E-A9FB-4A3C-9AA6-538DBA36773A}
		{77FFADB6-FF8A-434A-8DBF-8E97144DCCE5} = {6E62F91E-A9FB-4A3C-9AA6-538DBA36773A}
		{E5B85D15-F39E-4C57-8010-10CBD89461EC} = {77FFADB6-FF8A-434A-8DBF-8E97144DCCE5}
		{4A6F8988-E48C-4250-8C59-778024F096B8} = {00DE42D6-A56E-4143-B12A-061C86354662}
	EndGlobalSection
	GlobalSection(ExtensibilityGlobals) = postSolution
		SolutionGuid = {81DB2757-9825-4E40-BED1-D56BB12669BE}
	EndGlobalSection
EndGlobal
