
Microsoft Visual Studio Solution File, Format Version 12.00
# Visual Studio Version 16
VisualStudioVersion = 16.0.29326.143
MinimumVisualStudioVersion = 10.0.40219.1
Project("{FAE04EC0-301F-11D3-BF4B-00C04F79EFBC}") = "EntradaDeDados", "EntradaDeDados\EntradaDeDados.csproj", "{B246A1A7-3576-49BE-92AB-F34B294DF7E1}"
EndProject
Project("{FAE04EC0-301F-11D3-BF4B-00C04F79EFBC}") = "ExercicioDeFixação", "ExercicioDeFixação\ExercicioDeFixação.csproj", "{033DF703-2E1C-4EE4-ACA0-EB5036A79138}"
EndProject
Project("{FAE04EC0-301F-11D3-BF4B-00C04F79EFBC}") = "OperadoresDeAtribuição", "OperadoresDeAtribuição\OperadoresDeAtribuição.csproj", "{26F485F4-FD31-4FCD-AE7B-E391D4798825}"
EndProject
Project("{FAE04EC0-301F-11D3-BF4B-00C04F79EFBC}") = "EntradaDeDadosComVetor", "EntradaDeDadosComVetor\EntradaDeDadosComVetor.csproj", "{E80E4CAB-314B-40DA-AA6E-6145FD6B81F5}"
EndProject
Project("{FAE04EC0-301F-11D3-BF4B-00C04F79EFBC}") = "EntradaDeDadosPart2", "EntradaDeDadosPart2\EntradaDeDadosPart2.csproj", "{162E3B05-42BC-4BE5-BAD8-4C784C3A6456}"
EndProject
Project("{FAE04EC0-301F-11D3-BF4B-00C04F79EFBC}") = "Ex01EntradaDeDados", "Ex01EntradaDeDados\Ex01EntradaDeDados.csproj", "{1FA8CFB7-FA3D-4FF3-8534-806AF75E1E18}"
EndProject
Project("{FAE04EC0-301F-11D3-BF4B-00C04F79EFBC}") = "ExEstrtuturaCondicionalifElse", "ExEstrtuturaCondicionalifElse\ExEstrtuturaCondicionalifElse.csproj", "{2DB35107-8D05-4B9A-A98A-3FF7B456469B}"
EndProject
Project("{FAE04EC0-301F-11D3-BF4B-00C04F79EFBC}") = "Funções", "Funções\Funções.csproj", "{DF032FC9-5F96-489F-8CDF-DD004FBD9367}"
EndProject
Project("{FAE04EC0-301F-11D3-BF4B-00C04F79EFBC}") = "EstruturaDeRepeticaoWhile01", "EstruturaDeRepeticaoWhile01\EstruturaDeRepeticaoWhile01.csproj", "{168FDFAB-DF4E-4714-AE5F-366B9BD92C19}"
EndProject
Project("{FAE04EC0-301F-11D3-BF4B-00C04F79EFBC}") = "EstruturaDeControleFor01", "EstruturaDeControleFor01\EstruturaDeControleFor01.csproj", "{C45D4D7F-0557-4B6A-999F-FAF026409D19}"
EndProject
Project("{FAE04EC0-301F-11D3-BF4B-00C04F79EFBC}") = "EstruturaDeControleForExercicio01", "EstruturaDeControleForExercicio01\EstruturaDeControleForExercicio01.csproj", "{5C6597F1-4A37-4833-BD4E-354D4D4BF1B9}"
EndProject
Project("{FAE04EC0-301F-11D3-BF4B-00C04F79EFBC}") = "EstruturaDeRepeticaoForExercicio02", "EstruturaDeRepeticaoForExercicio02\EstruturaDeRepeticaoForExercicio02.csproj", "{CBD53E07-94A5-4021-A6AB-EE87C1CEF806}"
EndProject
Project("{FAE04EC0-301F-11D3-BF4B-00C04F79EFBC}") = "Ex39ClasseMetodosAtributosExemplo01", "Ex39ClasseMetodosAtributosExemplo01\Ex39ClasseMetodosAtributosExemplo01.csproj", "{B5284EA6-BD5E-4317-93BD-8765DAE54E9F}"
EndProject
Project("{FAE04EC0-301F-11D3-BF4B-00C04F79EFBC}") = "Exercicio01IdadePessoa", "Exercicio01IdadePessoa\Exercicio01IdadePessoa.csproj", "{F18E16FD-98CA-4FEA-85B0-38EDA5413811}"
EndProject
Project("{2150E333-8FDC-42A3-9474-1A3956D46DE8}") = "ExerciciosClassAtributos", "ExerciciosClassAtributos", "{AD2D49FF-17EA-4988-B36B-D35581E00501}"
EndProject
Project("{FAE04EC0-301F-11D3-BF4B-00C04F79EFBC}") = "Ex02Funcionario", "Ex02Funcionario\Ex02Funcionario.csproj", "{3B301B6B-0C8E-42A4-A5A1-A9C9DCE954CD}"
EndProject
Project("{FAE04EC0-301F-11D3-BF4B-00C04F79EFBC}") = "Ex39ClasseMetodosAtributosExemploPlatico", "Ex39ClasseMetodosAtributosExemploPlatico\Ex39ClasseMetodosAtributosExemploPlatico.csproj", "{5A532A77-25CB-4010-BAE4-9024DF63770E}"
EndProject
Project("{FAE04EC0-301F-11D3-BF4B-00C04F79EFBC}") = "ExCursoProdutoCrud", "ExCursoProdutoCrud\ExCursoProdutoCrud.csproj", "{E5DB6551-E0B2-4E29-AAFB-E7ADD3840189}"
EndProject
Project("{2150E333-8FDC-42A3-9474-1A3956D46DE8}") = "ExerciciosMenbrosEstáticos", "ExerciciosMenbrosEstáticos", "{0FADFF0B-65E2-4374-B545-41E14BE4650C}"
EndProject
Project("{FAE04EC0-301F-11D3-BF4B-00C04F79EFBC}") = "ExCotacaoMoedaMenbroEstatico", "ExCotacaoMoedaMenbroEstatico\ExCotacaoMoedaMenbroEstatico.csproj", "{54F888E6-8E42-48F9-B982-734A098FAFBB}"
EndProject
Global
	GlobalSection(SolutionConfigurationPlatforms) = preSolution
		Debug|Any CPU = Debug|Any CPU
		Release|Any CPU = Release|Any CPU
	EndGlobalSection
	GlobalSection(ProjectConfigurationPlatforms) = postSolution
		{B246A1A7-3576-49BE-92AB-F34B294DF7E1}.Debug|Any CPU.ActiveCfg = Debug|Any CPU
		{B246A1A7-3576-49BE-92AB-F34B294DF7E1}.Debug|Any CPU.Build.0 = Debug|Any CPU
		{B246A1A7-3576-49BE-92AB-F34B294DF7E1}.Release|Any CPU.ActiveCfg = Release|Any CPU
		{B246A1A7-3576-49BE-92AB-F34B294DF7E1}.Release|Any CPU.Build.0 = Release|Any CPU
		{033DF703-2E1C-4EE4-ACA0-EB5036A79138}.Debug|Any CPU.ActiveCfg = Debug|Any CPU
		{033DF703-2E1C-4EE4-ACA0-EB5036A79138}.Debug|Any CPU.Build.0 = Debug|Any CPU
		{033DF703-2E1C-4EE4-ACA0-EB5036A79138}.Release|Any CPU.ActiveCfg = Release|Any CPU
		{033DF703-2E1C-4EE4-ACA0-EB5036A79138}.Release|Any CPU.Build.0 = Release|Any CPU
		{26F485F4-FD31-4FCD-AE7B-E391D4798825}.Debug|Any CPU.ActiveCfg = Debug|Any CPU
		{26F485F4-FD31-4FCD-AE7B-E391D4798825}.Debug|Any CPU.Build.0 = Debug|Any CPU
		{26F485F4-FD31-4FCD-AE7B-E391D4798825}.Release|Any CPU.ActiveCfg = Release|Any CPU
		{26F485F4-FD31-4FCD-AE7B-E391D4798825}.Release|Any CPU.Build.0 = Release|Any CPU
		{E80E4CAB-314B-40DA-AA6E-6145FD6B81F5}.Debug|Any CPU.ActiveCfg = Debug|Any CPU
		{E80E4CAB-314B-40DA-AA6E-6145FD6B81F5}.Debug|Any CPU.Build.0 = Debug|Any CPU
		{E80E4CAB-314B-40DA-AA6E-6145FD6B81F5}.Release|Any CPU.ActiveCfg = Release|Any CPU
		{E80E4CAB-314B-40DA-AA6E-6145FD6B81F5}.Release|Any CPU.Build.0 = Release|Any CPU
		{162E3B05-42BC-4BE5-BAD8-4C784C3A6456}.Debug|Any CPU.ActiveCfg = Debug|Any CPU
		{162E3B05-42BC-4BE5-BAD8-4C784C3A6456}.Debug|Any CPU.Build.0 = Debug|Any CPU
		{162E3B05-42BC-4BE5-BAD8-4C784C3A6456}.Release|Any CPU.ActiveCfg = Release|Any CPU
		{162E3B05-42BC-4BE5-BAD8-4C784C3A6456}.Release|Any CPU.Build.0 = Release|Any CPU
		{1FA8CFB7-FA3D-4FF3-8534-806AF75E1E18}.Debug|Any CPU.ActiveCfg = Debug|Any CPU
		{1FA8CFB7-FA3D-4FF3-8534-806AF75E1E18}.Debug|Any CPU.Build.0 = Debug|Any CPU
		{1FA8CFB7-FA3D-4FF3-8534-806AF75E1E18}.Release|Any CPU.ActiveCfg = Release|Any CPU
		{1FA8CFB7-FA3D-4FF3-8534-806AF75E1E18}.Release|Any CPU.Build.0 = Release|Any CPU
		{2DB35107-8D05-4B9A-A98A-3FF7B456469B}.Debug|Any CPU.ActiveCfg = Debug|Any CPU
		{2DB35107-8D05-4B9A-A98A-3FF7B456469B}.Debug|Any CPU.Build.0 = Debug|Any CPU
		{2DB35107-8D05-4B9A-A98A-3FF7B456469B}.Release|Any CPU.ActiveCfg = Release|Any CPU
		{2DB35107-8D05-4B9A-A98A-3FF7B456469B}.Release|Any CPU.Build.0 = Release|Any CPU
		{DF032FC9-5F96-489F-8CDF-DD004FBD9367}.Debug|Any CPU.ActiveCfg = Debug|Any CPU
		{DF032FC9-5F96-489F-8CDF-DD004FBD9367}.Debug|Any CPU.Build.0 = Debug|Any CPU
		{DF032FC9-5F96-489F-8CDF-DD004FBD9367}.Release|Any CPU.ActiveCfg = Release|Any CPU
		{DF032FC9-5F96-489F-8CDF-DD004FBD9367}.Release|Any CPU.Build.0 = Release|Any CPU
		{168FDFAB-DF4E-4714-AE5F-366B9BD92C19}.Debug|Any CPU.ActiveCfg = Debug|Any CPU
		{168FDFAB-DF4E-4714-AE5F-366B9BD92C19}.Debug|Any CPU.Build.0 = Debug|Any CPU
		{168FDFAB-DF4E-4714-AE5F-366B9BD92C19}.Release|Any CPU.ActiveCfg = Release|Any CPU
		{168FDFAB-DF4E-4714-AE5F-366B9BD92C19}.Release|Any CPU.Build.0 = Release|Any CPU
		{C45D4D7F-0557-4B6A-999F-FAF026409D19}.Debug|Any CPU.ActiveCfg = Debug|Any CPU
		{C45D4D7F-0557-4B6A-999F-FAF026409D19}.Debug|Any CPU.Build.0 = Debug|Any CPU
		{C45D4D7F-0557-4B6A-999F-FAF026409D19}.Release|Any CPU.ActiveCfg = Release|Any CPU
		{C45D4D7F-0557-4B6A-999F-FAF026409D19}.Release|Any CPU.Build.0 = Release|Any CPU
		{5C6597F1-4A37-4833-BD4E-354D4D4BF1B9}.Debug|Any CPU.ActiveCfg = Debug|Any CPU
		{5C6597F1-4A37-4833-BD4E-354D4D4BF1B9}.Debug|Any CPU.Build.0 = Debug|Any CPU
		{5C6597F1-4A37-4833-BD4E-354D4D4BF1B9}.Release|Any CPU.ActiveCfg = Release|Any CPU
		{5C6597F1-4A37-4833-BD4E-354D4D4BF1B9}.Release|Any CPU.Build.0 = Release|Any CPU
		{CBD53E07-94A5-4021-A6AB-EE87C1CEF806}.Debug|Any CPU.ActiveCfg = Debug|Any CPU
		{CBD53E07-94A5-4021-A6AB-EE87C1CEF806}.Debug|Any CPU.Build.0 = Debug|Any CPU
		{CBD53E07-94A5-4021-A6AB-EE87C1CEF806}.Release|Any CPU.ActiveCfg = Release|Any CPU
		{CBD53E07-94A5-4021-A6AB-EE87C1CEF806}.Release|Any CPU.Build.0 = Release|Any CPU
		{B5284EA6-BD5E-4317-93BD-8765DAE54E9F}.Debug|Any CPU.ActiveCfg = Debug|Any CPU
		{B5284EA6-BD5E-4317-93BD-8765DAE54E9F}.Debug|Any CPU.Build.0 = Debug|Any CPU
		{B5284EA6-BD5E-4317-93BD-8765DAE54E9F}.Release|Any CPU.ActiveCfg = Release|Any CPU
		{B5284EA6-BD5E-4317-93BD-8765DAE54E9F}.Release|Any CPU.Build.0 = Release|Any CPU
		{F18E16FD-98CA-4FEA-85B0-38EDA5413811}.Debug|Any CPU.ActiveCfg = Debug|Any CPU
		{F18E16FD-98CA-4FEA-85B0-38EDA5413811}.Debug|Any CPU.Build.0 = Debug|Any CPU
		{F18E16FD-98CA-4FEA-85B0-38EDA5413811}.Release|Any CPU.ActiveCfg = Release|Any CPU
		{F18E16FD-98CA-4FEA-85B0-38EDA5413811}.Release|Any CPU.Build.0 = Release|Any CPU
		{3B301B6B-0C8E-42A4-A5A1-A9C9DCE954CD}.Debug|Any CPU.ActiveCfg = Debug|Any CPU
		{3B301B6B-0C8E-42A4-A5A1-A9C9DCE954CD}.Debug|Any CPU.Build.0 = Debug|Any CPU
		{3B301B6B-0C8E-42A4-A5A1-A9C9DCE954CD}.Release|Any CPU.ActiveCfg = Release|Any CPU
		{3B301B6B-0C8E-42A4-A5A1-A9C9DCE954CD}.Release|Any CPU.Build.0 = Release|Any CPU
		{5A532A77-25CB-4010-BAE4-9024DF63770E}.Debug|Any CPU.ActiveCfg = Debug|Any CPU
		{5A532A77-25CB-4010-BAE4-9024DF63770E}.Debug|Any CPU.Build.0 = Debug|Any CPU
		{5A532A77-25CB-4010-BAE4-9024DF63770E}.Release|Any CPU.ActiveCfg = Release|Any CPU
		{5A532A77-25CB-4010-BAE4-9024DF63770E}.Release|Any CPU.Build.0 = Release|Any CPU
		{E5DB6551-E0B2-4E29-AAFB-E7ADD3840189}.Debug|Any CPU.ActiveCfg = Debug|Any CPU
		{E5DB6551-E0B2-4E29-AAFB-E7ADD3840189}.Debug|Any CPU.Build.0 = Debug|Any CPU
		{E5DB6551-E0B2-4E29-AAFB-E7ADD3840189}.Release|Any CPU.ActiveCfg = Release|Any CPU
		{E5DB6551-E0B2-4E29-AAFB-E7ADD3840189}.Release|Any CPU.Build.0 = Release|Any CPU
		{54F888E6-8E42-48F9-B982-734A098FAFBB}.Debug|Any CPU.ActiveCfg = Debug|Any CPU
		{54F888E6-8E42-48F9-B982-734A098FAFBB}.Debug|Any CPU.Build.0 = Debug|Any CPU
		{54F888E6-8E42-48F9-B982-734A098FAFBB}.Release|Any CPU.ActiveCfg = Release|Any CPU
		{54F888E6-8E42-48F9-B982-734A098FAFBB}.Release|Any CPU.Build.0 = Release|Any CPU
	EndGlobalSection
	GlobalSection(SolutionProperties) = preSolution
		HideSolutionNode = FALSE
	EndGlobalSection
	GlobalSection(NestedProjects) = preSolution
		{B5284EA6-BD5E-4317-93BD-8765DAE54E9F} = {AD2D49FF-17EA-4988-B36B-D35581E00501}
		{F18E16FD-98CA-4FEA-85B0-38EDA5413811} = {AD2D49FF-17EA-4988-B36B-D35581E00501}
		{3B301B6B-0C8E-42A4-A5A1-A9C9DCE954CD} = {AD2D49FF-17EA-4988-B36B-D35581E00501}
		{5A532A77-25CB-4010-BAE4-9024DF63770E} = {AD2D49FF-17EA-4988-B36B-D35581E00501}
		{E5DB6551-E0B2-4E29-AAFB-E7ADD3840189} = {AD2D49FF-17EA-4988-B36B-D35581E00501}
		{54F888E6-8E42-48F9-B982-734A098FAFBB} = {0FADFF0B-65E2-4374-B545-41E14BE4650C}
	EndGlobalSection
	GlobalSection(ExtensibilityGlobals) = postSolution
		SolutionGuid = {81DB2757-9825-4E40-BED1-D56BB12669BE}
	EndGlobalSection
EndGlobal
